
Microsoft Visual Studio Solution File, Format Version 12.00
# Visual Studio 14
VisualStudioVersion = 14.0.25420.1
MinimumVisualStudioVersion = 10.0.40219.1
Project("{2150E333-8FDC-42A3-9474-1A3956D46DE8}") = "src", "src", "{9BD2CFC0-0F1E-4DA6-93E8-D79E0711F69F}"
EndProject
Project("{2150E333-8FDC-42A3-9474-1A3956D46DE8}") = "Solution Items", "Solution Items", "{E5446167-F6A6-4B11-AB37-2C34FBCE6FCE}"
	ProjectSection(SolutionItems) = preProject
		global.json = global.json
	EndProjectSection
EndProject
Project("{8BB2217D-0F2D-49D1-97BC-3654ED321F3B}") = "tch-webapp-demo-pre", "src\tch-webapp-demo-pre\tch-webapp-demo-pre.xproj", "{3B277DD6-0576-415B-952D-B6616D74413C}"
EndProject
Global
	GlobalSection(SolutionConfigurationPlatforms) = preSolution
		Debug|Any CPU = Debug|Any CPU
		Release|Any CPU = Release|Any CPU
	EndGlobalSection
	GlobalSection(ProjectConfigurationPlatforms) = postSolution
		{3B277DD6-0576-415B-952D-B6616D74413C}.Debug|Any CPU.ActiveCfg = Debug|Any CPU
		{3B277DD6-0576-415B-952D-B6616D74413C}.Debug|Any CPU.Build.0 = Debug|Any CPU
		{3B277DD6-0576-415B-952D-B6616D74413C}.Release|Any CPU.ActiveCfg = Release|Any CPU
		{3B277DD6-0576-415B-952D-B6616D74413C}.Release|Any CPU.Build.0 = Release|Any CPU
	EndGlobalSection
	GlobalSection(SolutionProperties) = preSolution
		HideSolutionNode = FALSE
	EndGlobalSection
	GlobalSection(NestedProjects) = preSolution
		{3B277DD6-0576-415B-952D-B6616D74413C} = {9BD2CFC0-0F1E-4DA6-93E8-D79E0711F69F}
	EndGlobalSection
EndGlobal
